{
  "name": "konvaworld",
  "version": "1.0.0",
  "lockfileVersion": 1,
  "requires": true,
  "dependencies": {
    "konva": {
      "version": "2.5.1",
      "resolved": "https://registry.npmjs.org/konva/-/konva-2.5.1.tgz",
      "integrity": "sha512-YdHEWqmbWPieqIZuLx7JFGm9Ui08hSUaSJ2k2Ml8o5giFgJ0WmxAS0DPXIM+Ty2ADRagOHZfXSJ/skwYqqlwgQ=="
    }
  }
}
